
Microsoft Visual Studio Solution File, Format Version 12.00
# Visual Studio 14
VisualStudioVersion = 14.0.25420.1
MinimumVisualStudioVersion = 10.0.40219.1
Project("{FAE04EC0-301F-11D3-BF4B-00C04F79EFBC}") = "Nest.Index", "Nest.Index\Nest.Index.csproj", "{5D7A8935-0BCD-4276-92CA-156C89C37B84}"
EndProject
Project("{FAE04EC0-301F-11D3-BF4B-00C04F79EFBC}") = "Common.Domains", "Common.Domains\Common.Domains.csproj", "{2CF4445E-BD64-49E6-A988-A4759EA349E2}"
EndProject
Project("{FAE04EC0-301F-11D3-BF4B-00C04F79EFBC}") = "Common.Core", "Common.Core\Common.Core.csproj", "{8CAE0952-C542-4B1A-A663-85311B30B09B}"
EndProject
Global
	GlobalSection(SolutionConfigurationPlatforms) = preSolution
		Debug|Any CPU = Debug|Any CPU
		Release|Any CPU = Release|Any CPU
	EndGlobalSection
	GlobalSection(ProjectConfigurationPlatforms) = postSolution
		{5D7A8935-0BCD-4276-92CA-156C89C37B84}.Debug|Any CPU.ActiveCfg = Debug|Any CPU
		{5D7A8935-0BCD-4276-92CA-156C89C37B84}.Debug|Any CPU.Build.0 = Debug|Any CPU
		{5D7A8935-0BCD-4276-92CA-156C89C37B84}.Release|Any CPU.ActiveCfg = Release|Any CPU
		{5D7A8935-0BCD-4276-92CA-156C89C37B84}.Release|Any CPU.Build.0 = Release|Any CPU
		{2CF4445E-BD64-49E6-A988-A4759EA349E2}.Debug|Any CPU.ActiveCfg = Debug|Any CPU
		{2CF4445E-BD64-49E6-A988-A4759EA349E2}.Debug|Any CPU.Build.0 = Debug|Any CPU
		{2CF4445E-BD64-49E6-A988-A4759EA349E2}.Release|Any CPU.ActiveCfg = Release|Any CPU
		{2CF4445E-BD64-49E6-A988-A4759EA349E2}.Release|Any CPU.Build.0 = Release|Any CPU
		{8CAE0952-C542-4B1A-A663-85311B30B09B}.Debug|Any CPU.ActiveCfg = Debug|Any CPU
		{8CAE0952-C542-4B1A-A663-85311B30B09B}.Debug|Any CPU.Build.0 = Debug|Any CPU
		{8CAE0952-C542-4B1A-A663-85311B30B09B}.Release|Any CPU.ActiveCfg = Release|Any CPU
		{8CAE0952-C542-4B1A-A663-85311B30B09B}.Release|Any CPU.Build.0 = Release|Any CPU
	EndGlobalSection
	GlobalSection(SolutionProperties) = preSolution
		HideSolutionNode = FALSE
	EndGlobalSection
EndGlobal
